
Microsoft Visual Studio Solution File, Format Version 12.00
# Visual Studio Version 17
VisualStudioVersion = 17.1.32210.238
MinimumVisualStudioVersion = 10.0.40219.1
Project("{FAE04EC0-301F-11D3-BF4B-00C04F79EFBC}") = "PL", "PL\PL.csproj", "{F832571B-0F22-4E20-A8C5-2B1204F3EC96}"
	ProjectSection(ProjectDependencies) = postProject
		{362F9210-A52F-4E9A-85A4-A899967CA5B8} = {362F9210-A52F-4E9A-85A4-A899967CA5B8}
		{629D9C9F-FBB6-4683-9A22-A45B4011F70A} = {629D9C9F-FBB6-4683-9A22-A45B4011F70A}
	EndProjectSection
EndProject
Project("{FAE04EC0-301F-11D3-BF4B-00C04F79EFBC}") = "BL", "BL\BL.csproj", "{B14DB8C8-0035-4DF3-8D90-9AAE4DA4848A}"
EndProject
Project("{FAE04EC0-301F-11D3-BF4B-00C04F79EFBC}") = "ML", "ML\ML.csproj", "{9D4E4841-AF32-4BF9-9B11-0A70C4589DE5}"
EndProject
Project("{FAE04EC0-301F-11D3-BF4B-00C04F79EFBC}") = "DL", "DL\DL.csproj", "{ADE1A22E-35AB-4341-967C-0EC0058A5984}"
EndProject
Project("{FAE04EC0-301F-11D3-BF4B-00C04F79EFBC}") = "DL_EF", "DL_EF\DL_EF.csproj", "{B21B0A83-32DA-410C-A93B-8392FB9C9650}"
EndProject
Project("{FAE04EC0-301F-11D3-BF4B-00C04F79EFBC}") = "PL_MVC", "PL_MVC2\PL_MVC.csproj", "{0FB900DE-7D5C-44C0-A18A-EEA9473D842A}"
EndProject
Project("{FAE04EC0-301F-11D3-BF4B-00C04F79EFBC}") = "SL_WCF2", "SL_WCF2\SL_WCF2.csproj", "{362F9210-A52F-4E9A-85A4-A899967CA5B8}"
EndProject
Project("{FAE04EC0-301F-11D3-BF4B-00C04F79EFBC}") = "SL_WebAPI", "SL_WebAPI\SL_WebAPI.csproj", "{A923AD44-AC66-4747-84CB-81B4DD718FC3}"
EndProject
Project("{FAE04EC0-301F-11D3-BF4B-00C04F79EFBC}") = "DLAzure1", "DLAzure1\DLAzure1.csproj", "{FAB8CA7D-47C5-45DD-9662-466F4DF89796}"
EndProject
Project("{FAE04EC0-301F-11D3-BF4B-00C04F79EFBC}") = "WcfService1", "WcfService1\WcfService1.csproj", "{629D9C9F-FBB6-4683-9A22-A45B4011F70A}"
EndProject
Global
	GlobalSection(SolutionConfigurationPlatforms) = preSolution
		Debug|Any CPU = Debug|Any CPU
		Release|Any CPU = Release|Any CPU
	EndGlobalSection
	GlobalSection(ProjectConfigurationPlatforms) = postSolution
		{F832571B-0F22-4E20-A8C5-2B1204F3EC96}.Debug|Any CPU.ActiveCfg = Debug|Any CPU
		{F832571B-0F22-4E20-A8C5-2B1204F3EC96}.Debug|Any CPU.Build.0 = Debug|Any CPU
		{F832571B-0F22-4E20-A8C5-2B1204F3EC96}.Release|Any CPU.ActiveCfg = Release|Any CPU
		{F832571B-0F22-4E20-A8C5-2B1204F3EC96}.Release|Any CPU.Build.0 = Release|Any CPU
		{B14DB8C8-0035-4DF3-8D90-9AAE4DA4848A}.Debug|Any CPU.ActiveCfg = Debug|Any CPU
		{B14DB8C8-0035-4DF3-8D90-9AAE4DA4848A}.Debug|Any CPU.Build.0 = Debug|Any CPU
		{B14DB8C8-0035-4DF3-8D90-9AAE4DA4848A}.Release|Any CPU.ActiveCfg = Release|Any CPU
		{B14DB8C8-0035-4DF3-8D90-9AAE4DA4848A}.Release|Any CPU.Build.0 = Release|Any CPU
		{9D4E4841-AF32-4BF9-9B11-0A70C4589DE5}.Debug|Any CPU.ActiveCfg = Debug|Any CPU
		{9D4E4841-AF32-4BF9-9B11-0A70C4589DE5}.Debug|Any CPU.Build.0 = Debug|Any CPU
		{9D4E4841-AF32-4BF9-9B11-0A70C4589DE5}.Release|Any CPU.ActiveCfg = Release|Any CPU
		{9D4E4841-AF32-4BF9-9B11-0A70C4589DE5}.Release|Any CPU.Build.0 = Release|Any CPU
		{ADE1A22E-35AB-4341-967C-0EC0058A5984}.Debug|Any CPU.ActiveCfg = Debug|Any CPU
		{ADE1A22E-35AB-4341-967C-0EC0058A5984}.Debug|Any CPU.Build.0 = Debug|Any CPU
		{ADE1A22E-35AB-4341-967C-0EC0058A5984}.Release|Any CPU.ActiveCfg = Release|Any CPU
		{ADE1A22E-35AB-4341-967C-0EC0058A5984}.Release|Any CPU.Build.0 = Release|Any CPU
		{B21B0A83-32DA-410C-A93B-8392FB9C9650}.Debug|Any CPU.ActiveCfg = Debug|Any CPU
		{B21B0A83-32DA-410C-A93B-8392FB9C9650}.Debug|Any CPU.Build.0 = Debug|Any CPU
		{B21B0A83-32DA-410C-A93B-8392FB9C9650}.Release|Any CPU.ActiveCfg = Release|Any CPU
		{B21B0A83-32DA-410C-A93B-8392FB9C9650}.Release|Any CPU.Build.0 = Release|Any CPU
		{0FB900DE-7D5C-44C0-A18A-EEA9473D842A}.Debug|Any CPU.ActiveCfg = Debug|Any CPU
		{0FB900DE-7D5C-44C0-A18A-EEA9473D842A}.Debug|Any CPU.Build.0 = Debug|Any CPU
		{0FB900DE-7D5C-44C0-A18A-EEA9473D842A}.Release|Any CPU.ActiveCfg = Release|Any CPU
		{0FB900DE-7D5C-44C0-A18A-EEA9473D842A}.Release|Any CPU.Build.0 = Release|Any CPU
		{362F9210-A52F-4E9A-85A4-A899967CA5B8}.Debug|Any CPU.ActiveCfg = Debug|Any CPU
		{362F9210-A52F-4E9A-85A4-A899967CA5B8}.Debug|Any CPU.Build.0 = Debug|Any CPU
		{362F9210-A52F-4E9A-85A4-A899967CA5B8}.Release|Any CPU.ActiveCfg = Release|Any CPU
		{362F9210-A52F-4E9A-85A4-A899967CA5B8}.Release|Any CPU.Build.0 = Release|Any CPU
		{A923AD44-AC66-4747-84CB-81B4DD718FC3}.Debug|Any CPU.ActiveCfg = Debug|Any CPU
		{A923AD44-AC66-4747-84CB-81B4DD718FC3}.Debug|Any CPU.Build.0 = Debug|Any CPU
		{A923AD44-AC66-4747-84CB-81B4DD718FC3}.Release|Any CPU.ActiveCfg = Release|Any CPU
		{A923AD44-AC66-4747-84CB-81B4DD718FC3}.Release|Any CPU.Build.0 = Release|Any CPU
		{FAB8CA7D-47C5-45DD-9662-466F4DF89796}.Debug|Any CPU.ActiveCfg = Debug|Any CPU
		{FAB8CA7D-47C5-45DD-9662-466F4DF89796}.Debug|Any CPU.Build.0 = Debug|Any CPU
		{FAB8CA7D-47C5-45DD-9662-466F4DF89796}.Release|Any CPU.ActiveCfg = Release|Any CPU
		{FAB8CA7D-47C5-45DD-9662-466F4DF89796}.Release|Any CPU.Build.0 = Release|Any CPU
		{629D9C9F-FBB6-4683-9A22-A45B4011F70A}.Debug|Any CPU.ActiveCfg = Debug|Any CPU
		{629D9C9F-FBB6-4683-9A22-A45B4011F70A}.Debug|Any CPU.Build.0 = Debug|Any CPU
		{629D9C9F-FBB6-4683-9A22-A45B4011F70A}.Release|Any CPU.ActiveCfg = Release|Any CPU
		{629D9C9F-FBB6-4683-9A22-A45B4011F70A}.Release|Any CPU.Build.0 = Release|Any CPU
	EndGlobalSection
	GlobalSection(SolutionProperties) = preSolution
		HideSolutionNode = FALSE
	EndGlobalSection
	GlobalSection(ExtensibilityGlobals) = postSolution
		SolutionGuid = {5D0BE991-95FC-464E-9F80-51DDA8AA524F}
	EndGlobalSection
EndGlobal
